PODS:
  - Resolver (1.5.0)
  - RxCocoa (6.5.0):
    - RxRelay (= 6.5.0)
    - RxSwift (= 6.5.0)
  - RxRelay (6.5.0):
    - RxSwift (= 6.5.0)
  - RxSwift (6.5.0)

DEPENDENCIES:
  - Resolver
  - RxCocoa
  - RxSwift

SPEC REPOS:
  trunk:
    - Resolver
    - RxCocoa
    - RxRelay
    - RxSwift

SPEC CHECKSUMS:
  Resolver: 68984624572763018fd8ec7b8e3e8df0e3b6bba5
  RxCocoa: 94f817b71c07517321eb4f9ad299112ca8af743b
  RxRelay: 1de1523e604c72b6c68feadedd1af3b1b4d0ecbd
  RxSwift: 5710a9e6b17f3c3d6e40d6e559b9fa1e813b2ef8

PODFILE CHECKSUM: 5c1d6ef2230e98100ab4e6a5ae92e2f554344089

COCOAPODS: 1.11.3
